
Microsoft Visual Studio Solution File, Format Version 12.00
Project("{FAE04EC0-301F-11D3-BF4B-00C04F79EFBC}") = "Tutorial1", "Tutorial1\Tutorial1.csproj", "{B789B068-F207-45DF-8333-C73F7C558245}"
EndProject
Global
	GlobalSection(SolutionConfigurationPlatforms) = preSolution
		Debug|Any CPU = Debug|Any CPU
		Release|Any CPU = Release|Any CPU
	EndGlobalSection
	GlobalSection(ProjectConfigurationPlatforms) = postSolution
		{B789B068-F207-45DF-8333-C73F7C558245}.Debug|Any CPU.ActiveCfg = Debug|Any CPU
		{B789B068-F207-45DF-8333-C73F7C558245}.Debug|Any CPU.Build.0 = Debug|Any CPU
		{B789B068-F207-45DF-8333-C73F7C558245}.Release|Any CPU.ActiveCfg = Release|Any CPU
		{B789B068-F207-45DF-8333-C73F7C558245}.Release|Any CPU.Build.0 = Release|Any CPU
	EndGlobalSection
EndGlobal
